{
  "nodes": {
    "flake-utils": {
      "locked": {
        "lastModified": 1623875721,
        "narHash": "sha256-A8BU7bjS5GirpAUv4QA+QnJ4CceLHkcXdRp4xITDB0s=",
        "owner": "numtide",
        "repo": "flake-utils",
        "rev": "f7e004a55b120c02ecb6219596820fcd32ca8772",
        "type": "github"
      },
      "original": {
        "owner": "numtide",
        "repo": "flake-utils",
        "type": "github"
      }
    },
    "nixpkgs": {
      "locked": {
        "lastModified": 1624024598,
        "narHash": "sha256-X++38oH5MKEmPW4/2WdMaHQvwJzO8pJfbnzMD7DbG1E=",
        "owner": "NixOS",
        "repo": "nixpkgs",
        "rev": "33d42ad7cf2769ce6364ed4e52afa8e9d1439d58",
        "type": "github"
      },
      "original": {
        "id": "nixpkgs",
        "ref": "nixos-unstable",
        "type": "indirect"
      }
    },
    "pypi-deps-db": {
      "flake": false,
      "locked": {
        "lastModified": 1624350268,
        "narHash": "sha256-XgleJHRPgnEN5VDyGxh/1wTEvN35yWAQLtS/ZT+j7P8=",
        "owner": "DavHau",
        "repo": "pypi-deps-db",
        "rev": "6dd4044a17899a3b6eaa03d3c8ce8161b78dd6c3",
        "type": "github"
      },
      "original": {
        "owner": "DavHau",
        "repo": "pypi-deps-db",
        "type": "github"
      }
    },
    "root": {
      "inputs": {
        "flake-utils": "flake-utils",
        "nixpkgs": "nixpkgs",
        "pypi-deps-db": "pypi-deps-db"
      }
    }
  },
  "root": "root",
  "version": 7
}
